{
  "object": {
    "pins": [
      {
        "package": "Factory",
        "repositoryURL": "https://github.com/hmlongco/Factory",
        "state": {
          "branch": null,
          "revision": "f1e35a1672fcb71a40ef6b7aaf1ea38a458c4485",
          "version": "2.4.12"
        }
      }
    ]
  },
  "version": 1
}
