{
  "originHash" : "45acf5d446ae3612b9b37f166bd7f8f0c80d7c734b79dd0a261da20af83702fb",
  "pins" : [
    {
      "identity" : "factory",
      "kind" : "remoteSourceControl",
      "location" : "https://github.com/hmlongco/Factory",
      "state" : {
        "revision" : "56129530a97d89d03f610685d348d333af4989bb",
        "version" : "2.5.2"
      }
    }
  ],
  "version" : 3
}
